// !$*UTF8*$!
{
	archiveVersion = 1;
	classes = {
	};
	objectVersion = 55;
	objects = {

/* Begin PBXBuildFile section */
		D6924CAE28DE4F75006D644E /* SwiftUIHorizontalCollectionViewApp.swift in Sources */ = {isa = PBXBuildFile; fileRef = D6924CAD28DE4F75006D644E /* SwiftUIHorizontalCollectionViewApp.swift */; };
		D6924CB028DE4F75006D644E /* ContentView.swift in Sources */ = {isa = PBXBuildFile; fileRef = D6924CAF28DE4F75006D644E /* ContentView.swift */; };
		D6924CB228DE4F77006D644E /* Assets.xcassets in Resources */ = {isa = PBXBuildFile; fileRef = D6924CB128DE4F77006D644E /* Assets.xcassets */; };
		D6924CB528DE4F77006D644E /* Preview Assets.xcassets in Resources */ = {isa = PBXBuildFile; fileRef = D6924CB428DE4F77006D644E /* Preview Assets.xcassets */; };
		D6924CBF28DE4F77006D644E /* SwiftUIHorizontalCollectionViewTests.swift in Sources */ = {isa = PBXBuildFile; fileRef = D6924CBE28DE4F77006D644E /* SwiftUIHorizontalCollectionViewTests.swift */; };
		D6924CC928DE4F77006D644E /* SwiftUIHorizontalCollectionViewUITests.swift in Sources */ = {isa = PBXBuildFile; fileRef = D6924CC828DE4F77006D644E /* SwiftUIHorizontalCollectionViewUITests.swift */; };
		D6924CCB28DE4F77006D644E /* SwiftUIHorizontalCollectionViewUITestsLaunchTests.swift in Sources */ = {isa = PBXBuildFile; fileRef = D6924CCA28DE4F77006D644E /* SwiftUIHorizontalCollectionViewUITestsLaunchTests.swift */; };
/* End PBXBuildFile section */

/* Begin PBXContainerItemProxy section */
		D6924CBB28DE4F77006D644E /* PBXContainerItemProxy */ = {
			isa = PBXContainerItemProxy;
			containerPortal = D6924CA228DE4F75006D644E /* Project object */;
			proxyType = 1;
			remoteGlobalIDString = D6924CA928DE4F75006D644E;
			remoteInfo = SwiftUIHorizontalCollectionView;
		};
		D6924CC528DE4F77006D644E /* PBXContainerItemProxy */ = {
			isa = PBXContainerItemProxy;
			containerPortal = D6924CA228DE4F75006D644E /* Project object */;
			proxyType = 1;
			remoteGlobalIDString = D6924CA928DE4F75006D644E;
			remoteInfo = SwiftUIHorizontalCollectionView;
		};
/* End PBXContainerItemProxy section */

/* Begin PBXFileReference section */
		D6924CAA28DE4F75006D644E /* SwiftUIHorizontalCollectionView.app */ = {isa = PBXFileReference; explicitFileType = wrapper.application; includeInIndex = 0; path = SwiftUIHorizontalCollectionView.app; sourceTree = BUILT_PRODUCTS_DIR; };
		D6924CAD28DE4F75006D644E /* SwiftUIHorizontalCollectionViewApp.swift */ = {isa = PBXFileReference; lastKnownFileType = sourcecode.swift; path = SwiftUIHorizontalCollectionViewApp.swift; sourceTree = "<group>"; };
		D6924CAF28DE4F75006D644E /* ContentView.swift */ = {isa = PBXFileReference; lastKnownFileType = sourcecode.swift; path = ContentView.swift; sourceTree = "<group>"; };
		D6924CB128DE4F77006D644E /* Assets.xcassets */ = {isa = PBXFileReference; lastKnownFileType = folder.assetcatalog; path = Assets.xcassets; sourceTree = "<group>"; };
		D6924CB428DE4F77006D644E /* Preview Assets.xcassets */ = {isa = PBXFileReference; lastKnownFileType = folder.assetcatalog; path = "Preview Assets.xcassets"; sourceTree = "<group>"; };
		D6924CBA28DE4F77006D644E /* SwiftUIHorizontalCollectionViewTests.xctest */ = {isa = PBXFileReference; explicitFileType = wrapper.cfbundle; includeInIndex = 0; path = SwiftUIHorizontalCollectionViewTests.xctest; sourceTree = BUILT_PRODUCTS_DIR; };
		D6924CBE28DE4F77006D644E /* SwiftUIHorizontalCollectionViewTests.swift */ = {isa = PBXFileReference; lastKnownFileType = sourcecode.swift; path = SwiftUIHorizontalCollectionViewTests.swift; sourceTree = "<group>"; };
		D6924CC428DE4F77006D644E /* SwiftUIHorizontalCollectionViewUITests.xctest */ = {isa = PBXFileReference; explicitFileType = wrapper.cfbundle; includeInIndex = 0; path = SwiftUIHorizontalCollectionViewUITests.xctest; sourceTree = BUILT_PRODUCTS_DIR; };
		D6924CC828DE4F77006D644E /* SwiftUIHorizontalCollectionViewUITests.swift */ = {isa = PBXFileReference; lastKnownFileType = sourcecode.swift; path = SwiftUIHorizontalCollectionViewUITests.swift; sourceTree = "<group>"; };
		D6924CCA28DE4F77006D644E /* SwiftUIHorizontalCollectionViewUITestsLaunchTests.swift */ = {isa = PBXFileReference; lastKnownFileType = sourcecode.swift; path = SwiftUIHorizontalCollectionViewUITestsLaunchTests.swift; sourceTree = "<group>"; };
/* End PBXFileReference section */

/* Begin PBXFrameworksBuildPhase section */
		D6924CA728DE4F75006D644E /* Frameworks */ = {
			isa = PBXFrameworksBuildPhase;
			buildActionMask = 2147483647;
			files = (
			);
			runOnlyForDeploymentPostprocessing = 0;
		};
		D6924CB728DE4F77006D644E /* Frameworks */ = {
			isa = PBXFrameworksBuildPhase;
			buildActionMask = 2147483647;
			files = (
			);
			runOnlyForDeploymentPostprocessing = 0;
		};
		D6924CC128DE4F77006D644E /* Frameworks */ = {
			isa = PBXFrameworksBuildPhase;
			buildActionMask = 2147483647;
			files = (
			);
			runOnlyForDeploymentPostprocessing = 0;
		};
/* End PBXFrameworksBuildPhase section */

/* Begin PBXGroup section */
		D6924CA128DE4F75006D644E = {
			isa = PBXGroup;
			children = (
				D6924CAC28DE4F75006D644E /* SwiftUIHorizontalCollectionView */,
				D6924CBD28DE4F77006D644E /* SwiftUIHorizontalCollectionViewTests */,
				D6924CC728DE4F77006D644E /* SwiftUIHorizontalCollectionViewUITests */,
				D6924CAB28DE4F75006D644E /* Products */,
			);
			sourceTree = "<group>";
		};
		D6924CAB28DE4F75006D644E /* Products */ = {
			isa = PBXGroup;
			children = (
				D6924CAA28DE4F75006D644E /* SwiftUIHorizontalCollectionView.app */,
				D6924CBA28DE4F77006D644E /* SwiftUIHorizontalCollectionViewTests.xctest */,
				D6924CC428DE4F77006D644E /* SwiftUIHorizontalCollectionViewUITests.xctest */,
			);
			name = Products;
			sourceTree = "<group>";
		};
		D6924CAC28DE4F75006D644E /* SwiftUIHorizontalCollectionView */ = {
			isa = PBXGroup;
			children = (
				D6924CAD28DE4F75006D644E /* SwiftUIHorizontalCollectionViewApp.swift */,
				D6924CAF28DE4F75006D644E /* ContentView.swift */,
				D6924CB128DE4F77006D644E /* Assets.xcassets */,
				D6924CB328DE4F77006D644E /* Preview Content */,
			);
			path = SwiftUIHorizontalCollectionView;
			sourceTree = "<group>";
		};
		D6924CB328DE4F77006D644E /* Preview Content */ = {
			isa = PBXGroup;
			children = (
				D6924CB428DE4F77006D644E /* Preview Assets.xcassets */,
			);
			path = "Preview Content";
			sourceTree = "<group>";
		};
		D6924CBD28DE4F77006D644E /* SwiftUIHorizontalCollectionViewTests */ = {
			isa = PBXGroup;
			children = (
				D6924CBE28DE4F77006D644E /* SwiftUIHorizontalCollectionViewTests.swift */,
			);
			path = SwiftUIHorizontalCollectionViewTests;
			sourceTree = "<group>";
		};
		D6924CC728DE4F77006D644E /* SwiftUIHorizontalCollectionViewUITests */ = {
			isa = PBXGroup;
			children = (
				D6924CC828DE4F77006D644E /* SwiftUIHorizontalCollectionViewUITests.swift */,
				D6924CCA28DE4F77006D644E /* SwiftUIHorizontalCollectionViewUITestsLaunchTests.swift */,
			);
			path = SwiftUIHorizontalCollectionViewUITests;
			sourceTree = "<group>";
		};
/* End PBXGroup section */

/* Begin PBXNativeTarget section */
		D6924CA928DE4F75006D644E /* SwiftUIHorizontalCollectionView */ = {
			isa = PBXNativeTarget;
			buildConfigurationList = D6924CCE28DE4F77006D644E /* Build configuration list for PBXNativeTarget "SwiftUIHorizontalCollectionView" */;
			buildPhases = (
				D6924CA628DE4F75006D644E /* Sources */,
				D6924CA728DE4F75006D644E /* Frameworks */,
				D6924CA828DE4F75006D644E /* Resources */,
			);
			buildRules = (
			);
			dependencies = (
			);
			name = SwiftUIHorizontalCollectionView;
			productName = SwiftUIHorizontalCollectionView;
			productReference = D6924CAA28DE4F75006D644E /* SwiftUIHorizontalCollectionView.app */;
			productType = "com.apple.product-type.application";
		};
		D6924CB928DE4F77006D644E /* SwiftUIHorizontalCollectionViewTests */ = {
			isa = PBXNativeTarget;
			buildConfigurationList = D6924CD128DE4F77006D644E /* Build configuration list for PBXNativeTarget "SwiftUIHorizontalCollectionViewTests" */;
			buildPhases = (
				D6924CB628DE4F77006D644E /* Sources */,
				D6924CB728DE4F77006D644E /* Frameworks */,
				D6924CB828DE4F77006D644E /* Resources */,
			);
			buildRules = (
			);
			dependencies = (
				D6924CBC28DE4F77006D644E /* PBXTargetDependency */,
			);
			name = SwiftUIHorizontalCollectionViewTests;
			productName = SwiftUIHorizontalCollectionViewTests;
			productReference = D6924CBA28DE4F77006D644E /* SwiftUIHorizontalCollectionViewTests.xctest */;
			productType = "com.apple.product-type.bundle.unit-test";
		};
		D6924CC328DE4F77006D644E /* SwiftUIHorizontalCollectionViewUITests */ = {
			isa = PBXNativeTarget;
			buildConfigurationList = D6924CD428DE4F77006D644E /* Build configuration list for PBXNativeTarget "SwiftUIHorizontalCollectionViewUITests" */;
			buildPhases = (
				D6924CC028DE4F77006D644E /* Sources */,
				D6924CC128DE4F77006D644E /* Frameworks */,
				D6924CC228DE4F77006D644E /* Resources */,
			);
			buildRules = (
			);
			dependencies = (
				D6924CC628DE4F77006D644E /* PBXTargetDependency */,
			);
			name = SwiftUIHorizontalCollectionViewUITests;
			productName = SwiftUIHorizontalCollectionViewUITests;
			productReference = D6924CC428DE4F77006D644E /* SwiftUIHorizontalCollectionViewUITests.xctest */;
			productType = "com.apple.product-type.bundle.ui-testing";
		};
/* End PBXNativeTarget section */

/* Begin PBXProject section */
		D6924CA228DE4F75006D644E /* Project object */ = {
			isa = PBXProject;
			attributes = {
				BuildIndependentTargetsInParallel = 1;
				LastSwiftUpdateCheck = 1320;
				LastUpgradeCheck = 1320;
				TargetAttributes = {
					D6924CA928DE4F75006D644E = {
						CreatedOnToolsVersion = 13.2.1;
					};
					D6924CB928DE4F77006D644E = {
						CreatedOnToolsVersion = 13.2.1;
						TestTargetID = D6924CA928DE4F75006D644E;
					};
					D6924CC328DE4F77006D644E = {
						CreatedOnToolsVersion = 13.2.1;
						TestTargetID = D6924CA928DE4F75006D644E;
					};
				};
			};
			buildConfigurationList = D6924CA528DE4F75006D644E /* Build configuration list for PBXProject "SwiftUIHorizontalCollectionView" */;
			compatibilityVersion = "Xcode 13.0";
			developmentRegion = en;
			hasScannedForEncodings = 0;
			knownRegions = (
				en,
				Base,
			);
			mainGroup = D6924CA128DE4F75006D644E;
			productRefGroup = D6924CAB28DE4F75006D644E /* Products */;
			projectDirPath = "";
			projectRoot = "";
			targets = (
				D6924CA928DE4F75006D644E /* SwiftUIHorizontalCollectionView */,
				D6924CB928DE4F77006D644E /* SwiftUIHorizontalCollectionViewTests */,
				D6924CC328DE4F77006D644E /* SwiftUIHorizontalCollectionViewUITests */,
			);
		};
/* End PBXProject section */

/* Begin PBXResourcesBuildPhase section */
		D6924CA828DE4F75006D644E /* Resources */ = {
			isa = PBXResourcesBuildPhase;
			buildActionMask = 2147483647;
			files = (
				D6924CB528DE4F77006D644E /* Preview Assets.xcassets in Resources */,
				D6924CB228DE4F77006D644E /* Assets.xcassets in Resources */,
			);
			runOnlyForDeploymentPostprocessing = 0;
		};
		D6924CB828DE4F77006D644E /* Resources */ = {
			isa = PBXResourcesBuildPhase;
			buildActionMask = 2147483647;
			files = (
			);
			runOnlyForDeploymentPostprocessing = 0;
		};
		D6924CC228DE4F77006D644E /* Resources */ = {
			isa = PBXResourcesBuildPhase;
			buildActionMask = 2147483647;
			files = (
			);
			runOnlyForDeploymentPostprocessing = 0;
		};
/* End PBXResourcesBuildPhase section */

/* Begin PBXSourcesBuildPhase section */
		D6924CA628DE4F75006D644E /* Sources */ = {
			isa = PBXSourcesBuildPhase;
			buildActionMask = 2147483647;
			files = (
				D6924CB028DE4F75006D644E /* ContentView.swift in Sources */,
				D6924CAE28DE4F75006D644E /* SwiftUIHorizontalCollectionViewApp.swift in Sources */,
			);
			runOnlyForDeploymentPostprocessing = 0;
		};
		D6924CB628DE4F77006D644E /* Sources */ = {
			isa = PBXSourcesBuildPhase;
			buildActionMask = 2147483647;
			files = (
				D6924CBF28DE4F77006D644E /* SwiftUIHorizontalCollectionViewTests.swift in Sources */,
			);
			runOnlyForDeploymentPostprocessing = 0;
		};
		D6924CC028DE4F77006D644E /* Sources */ = {
			isa = PBXSourcesBuildPhase;
			buildActionMask = 2147483647;
			files = (
				D6924CC928DE4F77006D644E /* SwiftUIHorizontalCollectionViewUITests.swift in Sources */,
				D6924CCB28DE4F77006D644E /* SwiftUIHorizontalCollectionViewUITestsLaunchTests.swift in Sources */,
			);
			runOnlyForDeploymentPostprocessing = 0;
		};
/* End PBXSourcesBuildPhase section */

/* Begin PBXTargetDependency section */
		D6924CBC28DE4F77006D644E /* PBXTargetDependency */ = {
			isa = PBXTargetDependency;
			target = D6924CA928DE4F75006D644E /* SwiftUIHorizontalCollectionView */;
			targetProxy = D6924CBB28DE4F77006D644E /* PBXContainerItemProxy */;
		};
		D6924CC628DE4F77006D644E /* PBXTargetDependency */ = {
			isa = PBXTargetDependency;
			target = D6924CA928DE4F75006D644E /* SwiftUIHorizontalCollectionView */;
			targetProxy = D6924CC528DE4F77006D644E /* PBXContainerItemProxy */;
		};
/* End PBXTargetDependency section */

/* Begin XCBuildConfiguration section */
		D6924CCC28DE4F77006D644E /* Debug */ = {
			isa = XCBuildConfiguration;
			buildSettings = {
				ALWAYS_SEARCH_USER_PATHS = NO;
				CLANG_ANALYZER_NONNULL = YES;
				CLANG_ANALYZER_NUMBER_OBJECT_CONVERSION = YES_AGGRESSIVE;
				CLANG_CXX_LANGUAGE_STANDARD = "gnu++17";
				CLANG_CXX_LIBRARY = "libc++";
				CLANG_ENABLE_MODULES = YES;
				CLANG_ENABLE_OBJC_ARC = YES;
				CLANG_ENABLE_OBJC_WEAK = YES;
				CLANG_WARN_BLOCK_CAPTURE_AUTORELEASING = YES;
				CLANG_WARN_BOOL_CONVERSION = YES;
				CLANG_WARN_COMMA = YES;
				CLANG_WARN_CONSTANT_CONVERSION = YES;
				CLANG_WARN_DEPRECATED_OBJC_IMPLEMENTATIONS = YES;
				CLANG_WARN_DIRECT_OBJC_ISA_USAGE = YES_ERROR;
				CLANG_WARN_DOCUMENTATION_COMMENTS = YES;
				CLANG_WARN_EMPTY_BODY = YES;
				CLANG_WARN_ENUM_CONVERSION = YES;
				CLANG_WARN_INFINITE_RECURSION = YES;
				CLANG_WARN_INT_CONVERSION = YES;
				CLANG_WARN_NON_LITERAL_NULL_CONVERSION = YES;
				CLANG_WARN_OBJC_IMPLICIT_RETAIN_SELF = YES;
				CLANG_WARN_OBJC_LITERAL_CONVERSION = YES;
				CLANG_WARN_OBJC_ROOT_CLASS = YES_ERROR;
				CLANG_WARN_QUOTED_INCLUDE_IN_FRAMEWORK_HEADER = YES;
				CLANG_WARN_RANGE_LOOP_ANALYSIS = YES;
				CLANG_WARN_STRICT_PROTOTYPES = YES;
				CLANG_WARN_SUSPICIOUS_MOVE = YES;
				CLANG_WARN_UNGUARDED_AVAILABILITY = YES_AGGRESSIVE;
				CLANG_WARN_UNREACHABLE_CODE = YES;
				CLANG_WARN__DUPLICATE_METHOD_MATCH = YES;
				COPY_PHASE_STRIP = NO;
				DEBUG_INFORMATION_FORMAT = dwarf;
				ENABLE_STRICT_OBJC_MSGSEND = YES;
				ENABLE_TESTABILITY = YES;
				GCC_C_LANGUAGE_STANDARD = gnu11;
				GCC_DYNAMIC_NO_PIC = NO;
				GCC_NO_COMMON_BLOCKS = YES;
				GCC_OPTIMIZATION_LEVEL = 0;
				GCC_PREPROCESSOR_DEFINITIONS = (
					"DEBUG=1",
					"$(inherited)",
				);
				GCC_WARN_64_TO_32_BIT_CONVERSION = YES;
				GCC_WARN_ABOUT_RETURN_TYPE = YES_ERROR;
				GCC_WARN_UNDECLARED_SELECTOR = YES;
				GCC_WARN_UNINITIALIZED_AUTOS = YES_AGGRESSIVE;
				GCC_WARN_UNUSED_FUNCTION = YES;
				GCC_WARN_UNUSED_VARIABLE = YES;
				IPHONEOS_DEPLOYMENT_TARGET = 15.2;
				MTL_ENABLE_DEBUG_INFO = INCLUDE_SOURCE;
				MTL_FAST_MATH = YES;
				ONLY_ACTIVE_ARCH = YES;
				SDKROOT = iphoneos;
				SWIFT_ACTIVE_COMPILATION_CONDITIONS = DEBUG;
				SWIFT_OPTIMIZATION_LEVEL = "-Onone";
			};
			name = Debug;
		};
		D6924CCD28DE4F77006D644E /* Release */ = {
			isa = XCBuildConfiguration;
			buildSettings = {
				ALWAYS_SEARCH_USER_PATHS = NO;
				CLANG_ANALYZER_NONNULL = YES;
				CLANG_ANALYZER_NUMBER_OBJECT_CONVERSION = YES_AGGRESSIVE;
				CLANG_CXX_LANGUAGE_STANDARD = "gnu++17";
				CLANG_CXX_LIBRARY = "libc++";
				CLANG_ENABLE_MODULES = YES;
				CLANG_ENABLE_OBJC_ARC = YES;
				CLANG_ENABLE_OBJC_WEAK = YES;
				CLANG_WARN_BLOCK_CAPTURE_AUTORELEASING = YES;
				CLANG_WARN_BOOL_CONVERSION = YES;
				CLANG_WARN_COMMA = YES;
				CLANG_WARN_CONSTANT_CONVERSION = YES;
				CLANG_WARN_DEPRECATED_OBJC_IMPLEMENTATIONS = YES;
				CLANG_WARN_DIRECT_OBJC_ISA_USAGE = YES_ERROR;
				CLANG_WARN_DOCUMENTATION_COMMENTS = YES;
				CLANG_WARN_EMPTY_BODY = YES;
				CLANG_WARN_ENUM_CONVERSION = YES;
				CLANG_WARN_INFINITE_RECURSION = YES;
				CLANG_WARN_INT_CONVERSION = YES;
				CLANG_WARN_NON_LITERAL_NULL_CONVERSION = YES;
				CLANG_WARN_OBJC_IMPLICIT_RETAIN_SELF = YES;
				CLANG_WARN_OBJC_LITERAL_CONVERSION = YES;
				CLANG_WARN_OBJC_ROOT_CLASS = YES_ERROR;
				CLANG_WARN_QUOTED_INCLUDE_IN_FRAMEWORK_HEADER = YES;
				CLANG_WARN_RANGE_LOOP_ANALYSIS = YES;
				CLANG_WARN_STRICT_PROTOTYPES = YES;
				CLANG_WARN_SUSPICIOUS_MOVE = YES;
				CLANG_WARN_UNGUARDED_AVAILABILITY = YES_AGGRESSIVE;
				CLANG_WARN_UNREACHABLE_CODE = YES;
				CLANG_WARN__DUPLICATE_METHOD_MATCH = YES;
				COPY_PHASE_STRIP = NO;
				DEBUG_INFORMATION_FORMAT = "dwarf-with-dsym";
				ENABLE_NS_ASSERTIONS = NO;
				ENABLE_STRICT_OBJC_MSGSEND = YES;
				GCC_C_LANGUAGE_STANDARD = gnu11;
				GCC_NO_COMMON_BLOCKS = YES;
				GCC_WARN_64_TO_32_BIT_CONVERSION = YES;
				GCC_WARN_ABOUT_RETURN_TYPE = YES_ERROR;
				GCC_WARN_UNDECLARED_SELECTOR = YES;
				GCC_WARN_UNINITIALIZED_AUTOS = YES_AGGRESSIVE;
				GCC_WARN_UNUSED_FUNCTION = YES;
				GCC_WARN_UNUSED_VARIABLE = YES;
				IPHONEOS_DEPLOYMENT_TARGET = 15.2;
				MTL_ENABLE_DEBUG_INFO = NO;
				MTL_FAST_MATH = YES;
				SDKROOT = iphoneos;
				SWIFT_COMPILATION_MODE = wholemodule;
				SWIFT_OPTIMIZATION_LEVEL = "-O";
				VALIDATE_PRODUCT = YES;
			};
			name = Release;
		};
		D6924CCF28DE4F77006D644E /* Debug */ = {
			isa = XCBuildConfiguration;
			buildSettings = {
				ASSETCATALOG_COMPILER_APPICON_NAME = AppIcon;
				ASSETCATALOG_COMPILER_GLOBAL_ACCENT_COLOR_NAME = AccentColor;
				CODE_SIGN_STYLE = Automatic;
				CURRENT_PROJECT_VERSION = 1;
				DEVELOPMENT_ASSET_PATHS = "\"SwiftUIHorizontalCollectionView/Preview Content\"";
				DEVELOPMENT_TEAM = K6LJCT8RAA;
				ENABLE_PREVIEWS = YES;
				GENERATE_INFOPLIST_FILE = YES;
				INFOPLIST_KEY_UIApplicationSceneManifest_Generation = YES;
				INFOPLIST_KEY_UIApplicationSupportsIndirectInputEvents = YES;
				INFOPLIST_KEY_UILaunchScreen_Generation = YES;
				INFOPLIST_KEY_UISupportedInterfaceOrientations_iPad = "UIInterfaceOrientationPortrait UIInterfaceOrientationPortraitUpsideDown UIInterfaceOrientationLandscapeLeft UIInterfaceOrientationLandscapeRight";
				INFOPLIST_KEY_UISupportedInterfaceOrientations_iPhone = "UIInterfaceOrientationPortrait UIInterfaceOrientationLandscapeLeft UIInterfaceOrientationLandscapeRight";
				LD_RUNPATH_SEARCH_PATHS = (
					"$(inherited)",
					"@executable_path/Frameworks",
				);
				MARKETING_VERSION = 1.0;
				PRODUCT_BUNDLE_IDENTIFIER = com.horizontalcollectionview.SwiftUIHorizontalCollectionView;
				PRODUCT_NAME = "$(TARGET_NAME)";
				SWIFT_EMIT_LOC_STRINGS = YES;
				SWIFT_VERSION = 5.0;
				TARGETED_DEVICE_FAMILY = "1,2";
			};
			name = Debug;
		};
		D6924CD028DE4F77006D644E /* Release */ = {
			isa = XCBuildConfiguration;
			buildSettings = {
				ASSETCATALOG_COMPILER_APPICON_NAME = AppIcon;
				ASSETCATALOG_COMPILER_GLOBAL_ACCENT_COLOR_NAME = AccentColor;
				CODE_SIGN_STYLE = Automatic;
				CURRENT_PROJECT_VERSION = 1;
				DEVELOPMENT_ASSET_PATHS = "\"SwiftUIHorizontalCollectionView/Preview Content\"";
				DEVELOPMENT_TEAM = K6LJCT8RAA;
				ENABLE_PREVIEWS = YES;
				GENERATE_INFOPLIST_FILE = YES;
				INFOPLIST_KEY_UIApplicationSceneManifest_Generation = YES;
				INFOPLIST_KEY_UIApplicationSupportsIndirectInputEvents = YES;
				INFOPLIST_KEY_UILaunchScreen_Generation = YES;
				INFOPLIST_KEY_UISupportedInterfaceOrientations_iPad = "UIInterfaceOrientationPortrait UIInterfaceOrientationPortraitUpsideDown UIInterfaceOrientationLandscapeLeft UIInterfaceOrientationLandscapeRight";
				INFOPLIST_KEY_UISupportedInterfaceOrientations_iPhone = "UIInterfaceOrientationPortrait UIInterfaceOrientationLandscapeLeft UIInterfaceOrientationLandscapeRight";
				LD_RUNPATH_SEARCH_PATHS = (
					"$(inherited)",
					"@executable_path/Frameworks",
				);
				MARKETING_VERSION = 1.0;
				PRODUCT_BUNDLE_IDENTIFIER = com.horizontalcollectionview.SwiftUIHorizontalCollectionView;
				PRODUCT_NAME = "$(TARGET_NAME)";
				SWIFT_EMIT_LOC_STRINGS = YES;
				SWIFT_VERSION = 5.0;
				TARGETED_DEVICE_FAMILY = "1,2";
			};
			name = Release;
		};
		D6924CD228DE4F77006D644E /* Debug */ = {
			isa = XCBuildConfiguration;
			buildSettings = {
				ALWAYS_EMBED_SWIFT_STANDARD_LIBRARIES = YES;
				BUNDLE_LOADER = "$(TEST_HOST)";
				CODE_SIGN_STYLE = Automatic;
				CURRENT_PROJECT_VERSION = 1;
				DEVELOPMENT_TEAM = K6LJCT8RAA;
				GENERATE_INFOPLIST_FILE = YES;
				IPHONEOS_DEPLOYMENT_TARGET = 15.2;
				MARKETING_VERSION = 1.0;
				PRODUCT_BUNDLE_IDENTIFIER = com.horizontalcollectionview.SwiftUIHorizontalCollectionViewTests;
				PRODUCT_NAME = "$(TARGET_NAME)";
				SWIFT_EMIT_LOC_STRINGS = NO;
				SWIFT_VERSION = 5.0;
				TARGETED_DEVICE_FAMILY = "1,2";
				TEST_HOST = "$(BUILT_PRODUCTS_DIR)/SwiftUIHorizontalCollectionView.app/SwiftUIHorizontalCollectionView";
			};
			name = Debug;
		};
		D6924CD328DE4F77006D644E /* Release */ = {
			isa = XCBuildConfiguration;
			buildSettings = {
				ALWAYS_EMBED_SWIFT_STANDARD_LIBRARIES = YES;
				BUNDLE_LOADER = "$(TEST_HOST)";
				CODE_SIGN_STYLE = Automatic;
				CURRENT_PROJECT_VERSION = 1;
				DEVELOPMENT_TEAM = K6LJCT8RAA;
				GENERATE_INFOPLIST_FILE = YES;
				IPHONEOS_DEPLOYMENT_TARGET = 15.2;
				MARKETING_VERSION = 1.0;
				PRODUCT_BUNDLE_IDENTIFIER = com.horizontalcollectionview.SwiftUIHorizontalCollectionViewTests;
				PRODUCT_NAME = "$(TARGET_NAME)";
				SWIFT_EMIT_LOC_STRINGS = NO;
				SWIFT_VERSION = 5.0;
				TARGETED_DEVICE_FAMILY = "1,2";
				TEST_HOST = "$(BUILT_PRODUCTS_DIR)/SwiftUIHorizontalCollectionView.app/SwiftUIHorizontalCollectionView";
			};
			name = Release;
		};
		D6924CD528DE4F77006D644E /* Debug */ = {
			isa = XCBuildConfiguration;
			buildSettings = {
				ALWAYS_EMBED_SWIFT_STANDARD_LIBRARIES = YES;
				CODE_SIGN_STYLE = Automatic;
				CURRENT_PROJECT_VERSION = 1;
				DEVELOPMENT_TEAM = K6LJCT8RAA;
				GENERATE_INFOPLIST_FILE = YES;
				MARKETING_VERSION = 1.0;
				PRODUCT_BUNDLE_IDENTIFIER = com.horizontalcollectionview.SwiftUIHorizontalCollectionViewUITests;
				PRODUCT_NAME = "$(TARGET_NAME)";
				SWIFT_EMIT_LOC_STRINGS = NO;
				SWIFT_VERSION = 5.0;
				TARGETED_DEVICE_FAMILY = "1,2";
				TEST_TARGET_NAME = SwiftUIHorizontalCollectionView;
			};
			name = Debug;
		};
		D6924CD628DE4F77006D644E /* Release */ = {
			isa = XCBuildConfiguration;
			buildSettings = {
				ALWAYS_EMBED_SWIFT_STANDARD_LIBRARIES = YES;
				CODE_SIGN_STYLE = Automatic;
				CURRENT_PROJECT_VERSION = 1;
				DEVELOPMENT_TEAM = K6LJCT8RAA;
				GENERATE_INFOPLIST_FILE = YES;
				MARKETING_VERSION = 1.0;
				PRODUCT_BUNDLE_IDENTIFIER = com.horizontalcollectionview.SwiftUIHorizontalCollectionViewUITests;
				PRODUCT_NAME = "$(TARGET_NAME)";
				SWIFT_EMIT_LOC_STRINGS = NO;
				SWIFT_VERSION = 5.0;
				TARGETED_DEVICE_FAMILY = "1,2";
				TEST_TARGET_NAME = SwiftUIHorizontalCollectionView;
			};
			name = Release;
		};
/* End XCBuildConfiguration section */

/* Begin XCConfigurationList section */
		D6924CA528DE4F75006D644E /* Build configuration list for PBXProject "SwiftUIHorizontalCollectionView" */ = {
			isa = XCConfigurationList;
			buildConfigurations = (
				D6924CCC28DE4F77006D644E /* Debug */,
				D6924CCD28DE4F77006D644E /* Release */,
			);
			defaultConfigurationIsVisible = 0;
			defaultConfigurationName = Release;
		};
		D6924CCE28DE4F77006D644E /* Build configuration list for PBXNativeTarget "SwiftUIHorizontalCollectionView" */ = {
			isa = XCConfigurationList;
			buildConfigurations = (
				D6924CCF28DE4F77006D644E /* Debug */,
				D6924CD028DE4F77006D644E /* Release */,
			);
			defaultConfigurationIsVisible = 0;
			defaultConfigurationName = Release;
		};
		D6924CD128DE4F77006D644E /* Build configuration list for PBXNativeTarget "SwiftUIHorizontalCollectionViewTests" */ = {
			isa = XCConfigurationList;
			buildConfigurations = (
				D6924CD228DE4F77006D644E /* Debug */,
				D6924CD328DE4F77006D644E /* Release */,
			);
			defaultConfigurationIsVisible = 0;
			defaultConfigurationName = Release;
		};
		D6924CD428DE4F77006D644E /* Build configuration list for PBXNativeTarget "SwiftUIHorizontalCollectionViewUITests" */ = {
			isa = XCConfigurationList;
			buildConfigurations = (
				D6924CD528DE4F77006D644E /* Debug */,
				D6924CD628DE4F77006D644E /* Release */,
			);
			defaultConfigurationIsVisible = 0;
			defaultConfigurationName = Release;
		};
/* End XCConfigurationList section */
	};
	rootObject = D6924CA228DE4F75006D644E /* Project object */;
}
